PODS:
  - React/ART (0.33.0):
    - React/Core
  - React/Core (0.33.0):
    - React/CSSLayout
  - React/CSSLayout (0.33.0)
  - React/RCTActionSheet (0.33.0):
    - React/Core
  - React/RCTGeolocation (0.33.0):
    - React/Core
  - React/RCTImage (0.33.0):
    - React/Core
    - React/RCTNetwork
  - React/RCTNetwork (0.33.0):
    - React/Core
  - React/RCTText (0.33.0):
    - React/Core
  - React/RCTVibration (0.33.0):
    - React/Core
  - React/RCTWebSocket (0.33.0):
    - React/Core
  - WeChatSDK (0.0.1)

DEPENDENCIES:
  - React/ART (from `../js/node_modules/react-native`)
  - React/Core (from `../js/node_modules/react-native`)
  - React/RCTActionSheet (from `../js/node_modules/react-native`)
  - React/RCTGeolocation (from `../js/node_modules/react-native`)
  - React/RCTImage (from `../js/node_modules/react-native`)
  - React/RCTNetwork (from `../js/node_modules/react-native`)
  - React/RCTText (from `../js/node_modules/react-native`)
  - React/RCTVibration (from `../js/node_modules/react-native`)
  - React/RCTWebSocket (from `../js/node_modules/react-native`)
  - WeChatSDK

EXTERNAL SOURCES:
  React:
    :path: "../js/node_modules/react-native"

SPEC CHECKSUMS:
  React: 46edc166689ba71b0b6cf11e64dbdb258d177089
  WeChatSDK: 2331356d1c18d52a52d19d5118974d5ad2d36eea

PODFILE CHECKSUM: a8887fd889109d6195ec9bd4b4b5a953fc8d4466

COCOAPODS: 1.0.1
